
Microsoft Visual Studio Solution File, Format Version 12.00
# Visual Studio Version 16
VisualStudioVersion = 16.0.29102.190
MinimumVisualStudioVersion = 10.0.40219.1
Project("{9092AA53-FB77-4645-B42D-1CCCA6BD08BD}") = "Project no.4", "Project no.4\Project no.4.njsproj", "{D479DE08-7987-463C-AA22-CC6D5ED96591}"
EndProject
Global
	GlobalSection(SolutionConfigurationPlatforms) = preSolution
		Debug|Any CPU = Debug|Any CPU
		Release|Any CPU = Release|Any CPU
	EndGlobalSection
	GlobalSection(ProjectConfigurationPlatforms) = postSolution
		{D479DE08-7987-463C-AA22-CC6D5ED96591}.Debug|Any CPU.ActiveCfg = Debug|Any CPU
		{D479DE08-7987-463C-AA22-CC6D5ED96591}.Debug|Any CPU.Build.0 = Debug|Any CPU
		{D479DE08-7987-463C-AA22-CC6D5ED96591}.Release|Any CPU.ActiveCfg = Release|Any CPU
		{D479DE08-7987-463C-AA22-CC6D5ED96591}.Release|Any CPU.Build.0 = Release|Any CPU
	EndGlobalSection
	GlobalSection(SolutionProperties) = preSolution
		HideSolutionNode = FALSE
	EndGlobalSection
	GlobalSection(ExtensibilityGlobals) = postSolution
		SolutionGuid = {8887FD88-908B-4413-B1ED-15889627CF18}
	EndGlobalSection
EndGlobal
