
Microsoft Visual Studio Solution File, Format Version 12.00
# Visual Studio Version 16
VisualStudioVersion = 16.0.29102.190
MinimumVisualStudioVersion = 10.0.40219.1
Project("{9092AA53-FB77-4645-B42D-1CCCA6BD08BD}") = "Project no.5 (Final project)", "Project no.5 (Final project).njsproj", "{2F1405DB-8B53-4212-8E5C-3B03AAA7751C}"
EndProject
Global
	GlobalSection(SolutionConfigurationPlatforms) = preSolution
		Debug|Any CPU = Debug|Any CPU
		Release|Any CPU = Release|Any CPU
	EndGlobalSection
	GlobalSection(ProjectConfigurationPlatforms) = postSolution
		{2F1405DB-8B53-4212-8E5C-3B03AAA7751C}.Debug|Any CPU.ActiveCfg = Debug|Any CPU
		{2F1405DB-8B53-4212-8E5C-3B03AAA7751C}.Debug|Any CPU.Build.0 = Debug|Any CPU
		{2F1405DB-8B53-4212-8E5C-3B03AAA7751C}.Release|Any CPU.ActiveCfg = Release|Any CPU
		{2F1405DB-8B53-4212-8E5C-3B03AAA7751C}.Release|Any CPU.Build.0 = Release|Any CPU
	EndGlobalSection
	GlobalSection(SolutionProperties) = preSolution
		HideSolutionNode = FALSE
	EndGlobalSection
	GlobalSection(ExtensibilityGlobals) = postSolution
		SolutionGuid = {091947F1-FDA6-464F-8DFB-1E4195A2422D}
	EndGlobalSection
EndGlobal
